// !$*UTF8*$!
{
	archiveVersion = 1;
	classes = {
	};
	objectVersion = 56;
	objects = {

/* Begin PBXBuildFile section */
		A1000000000000000000AB01 /* EVApp.swift in Sources */ = {isa = PBXBuildFile; fileRef = A2000000000000000000F101 /* EVApp.swift */; };
		A1000000000000000000AB02 /* AppDelegate.swift in Sources */ = {isa = PBXBuildFile; fileRef = A2000000000000000000F102 /* AppDelegate.swift */; };
		A1000000000000000000AB03 /* AppConfig.swift in Sources */ = {isa = PBXBuildFile; fileRef = A2000000000000000000F103 /* AppConfig.swift */; };
		A1000000000000000000AB04 /* HealthKitManager.swift in Sources */ = {isa = PBXBuildFile; fileRef = A2000000000000000000F104 /* HealthKitManager.swift */; };
		A1000000000000000000AB05 /* NotificationManager.swift in Sources */ = {isa = PBXBuildFile; fileRef = A2000000000000000000F105 /* NotificationManager.swift */; };
		A1000000000000000000AB06 /* AppState.swift in Sources */ = {isa = PBXBuildFile; fileRef = A2000000000000000000F106 /* AppState.swift */; };
		A1000000000000000000AB22 /* LifeAccess.swift in Sources */ = {isa = PBXBuildFile; fileRef = A2000000000000000000F124 /* LifeAccess.swift */; };
		A1000000000000000000AB23 /* AppIntents.swift in Sources */ = {isa = PBXBuildFile; fileRef = A2000000000000000000F125 /* AppIntents.swift */; };
		A1000000000000000000AB24 /* CallKitManager.swift in Sources */ = {isa = PBXBuildFile; fileRef = A2000000000000000000F126 /* CallKitManager.swift */; };
		A1000000000000000000AB07 /* EVClient in Frameworks */ = {isa = PBXBuildFile; productRef = A6000000000000000000C501 /* EVClient */; };
		A1000000000000000000AB08 /* EVUI in Frameworks */ = {isa = PBXBuildFile; productRef = A6000000000000000000C502 /* EVUI */; };
		A1000000000000000000AB09 /* ShareViewController.swift in Sources */ = {isa = PBXBuildFile; fileRef = A2000000000000000000F110 /* ShareViewController.swift */; };
		A1000000000000000000AB10 /* EVClient in Frameworks */ = {isa = PBXBuildFile; productRef = A6000000000000000000C501 /* EVClient */; };
		A1000000000000000000AB11 /* EVWatchApp.swift in Sources */ = {isa = PBXBuildFile; fileRef = A2000000000000000000F113 /* EVWatchApp.swift */; };
		A1000000000000000000AB12 /* ContentView.swift in Sources */ = {isa = PBXBuildFile; fileRef = A2000000000000000000F114 /* ContentView.swift */; };
		A1000000000000000000AB13 /* EVClient in Frameworks */ = {isa = PBXBuildFile; productRef = A6000000000000000000C501 /* EVClient */; };
		A1000000000000000000AB14 /* EVUI in Frameworks */ = {isa = PBXBuildFile; productRef = A6000000000000000000C502 /* EVUI */; };
		A1000000000000000000AB15 /* ComplicationController.swift in Sources */ = {isa = PBXBuildFile; fileRef = A2000000000000000000F117 /* ComplicationController.swift */; };
		A1000000000000000000AB16 /* EVClient in Frameworks */ = {isa = PBXBuildFile; productRef = A6000000000000000000C501 /* EVClient */; };
		A1000000000000000000AB17 /* Assets.xcassets in Resources */ = {isa = PBXBuildFile; fileRef = A2000000000000000000F107 /* Assets.xcassets */; };
		A1000000000000000000AB18 /* Assets.xcassets in Resources */ = {isa = PBXBuildFile; fileRef = A2000000000000000000F115 /* Assets.xcassets */; };
		A1000000000000000000AB19 /* EVShareExtension.appex in Embed App Extensions */ = {isa = PBXBuildFile; fileRef = A4000000000000000000F121 /* EVShareExtension.appex */; settings = {ATTRIBUTES = (RemoveHeadersOnCopy, ); }; };
		A1000000000000000000AB20 /* EVWatchApp.app in Embed Watch Content */ = {isa = PBXBuildFile; fileRef = A4000000000000000000F122 /* EVWatchApp.app */; settings = {ATTRIBUTES = (RemoveHeadersOnCopy, ); }; };
		A1000000000000000000AB21 /* EVWatchExtension.appex in Embed Watch Extension */ = {isa = PBXBuildFile; fileRef = A4000000000000000000F123 /* EVWatchExtension.appex */; settings = {ATTRIBUTES = (RemoveHeadersOnCopy, ); }; };
/* End PBXBuildFile section */

/* Begin PBXContainerItemProxy section */
		A5000000000000000000C201 /* PBXContainerItemProxy */ = {
			isa = PBXContainerItemProxy;
			containerPortal = A30000000000000000000B01 /* Project object */;
			proxyType = 1;
			remoteGlobalIDString = A7000000000000000000C102;
			remoteInfo = EVShareExtension;
		};
		A5000000000000000000C202 /* PBXContainerItemProxy */ = {
			isa = PBXContainerItemProxy;
			containerPortal = A30000000000000000000B01 /* Project object */;
			proxyType = 1;
			remoteGlobalIDString = A7000000000000000000C103;
			remoteInfo = EVWatchApp;
		};
		A5000000000000000000C203 /* PBXContainerItemProxy */ = {
			isa = PBXContainerItemProxy;
			containerPortal = A30000000000000000000B01 /* Project object */;
			proxyType = 1;
			remoteGlobalIDString = A7000000000000000000C104;
			remoteInfo = EVWatchExtension;
		};
/* End PBXContainerItemProxy section */

/* Begin PBXCopyFilesBuildPhase section */
		A80000000000000000001104 /* Embed App Extensions */ = {
			isa = PBXCopyFilesBuildPhase;
			buildActionMask = 2147483647;
			dstPath = "";
			dstSubfolderSpec = 13;
			files = (
				A1000000000000000000AB19 /* EVShareExtension.appex in Embed App Extensions */,
			);
			name = "Embed App Extensions";
			runOnlyForDeploymentPostprocessing = 0;
		};
		A80000000000000000001105 /* Embed Watch Content */ = {
			isa = PBXCopyFilesBuildPhase;
			buildActionMask = 2147483647;
			dstPath = "$(CONTENTS_FOLDER_PATH)/Watch";
			dstSubfolderSpec = 16;
			files = (
				A1000000000000000000AB20 /* EVWatchApp.app in Embed Watch Content */,
			);
			name = "Embed Watch Content";
			runOnlyForDeploymentPostprocessing = 0;
		};
		A80000000000000000001112 /* Embed Watch Extension */ = {
			isa = PBXCopyFilesBuildPhase;
			buildActionMask = 2147483647;
			dstPath = "";
			dstSubfolderSpec = 13;
			files = (
				A1000000000000000000AB21 /* EVWatchExtension.appex in Embed Watch Extension */,
			);
			name = "Embed Watch Extension";
			runOnlyForDeploymentPostprocessing = 0;
		};
/* End PBXCopyFilesBuildPhase section */

/* Begin PBXFileReference section */
		A2000000000000000000F101 /* EVApp.swift */ = {isa = PBXFileReference; lastKnownFileType = sourcecode.swift; path = EVApp.swift; sourceTree = "<group>"; };
		A2000000000000000000F102 /* AppDelegate.swift */ = {isa = PBXFileReference; lastKnownFileType = sourcecode.swift; path = AppDelegate.swift; sourceTree = "<group>"; };
		A2000000000000000000F103 /* AppConfig.swift */ = {isa = PBXFileReference; lastKnownFileType = sourcecode.swift; path = AppConfig.swift; sourceTree = "<group>"; };
		A2000000000000000000F104 /* HealthKitManager.swift */ = {isa = PBXFileReference; lastKnownFileType = sourcecode.swift; path = HealthKitManager.swift; sourceTree = "<group>"; };
		A2000000000000000000F105 /* NotificationManager.swift */ = {isa = PBXFileReference; lastKnownFileType = sourcecode.swift; path = NotificationManager.swift; sourceTree = "<group>"; };
		A2000000000000000000F106 /* AppState.swift */ = {isa = PBXFileReference; lastKnownFileType = sourcecode.swift; path = AppState.swift; sourceTree = "<group>"; };
		A2000000000000000000F124 /* LifeAccess.swift */ = {isa = PBXFileReference; lastKnownFileType = sourcecode.swift; path = LifeAccess.swift; sourceTree = "<group>"; };
		A2000000000000000000F125 /* AppIntents.swift */ = {isa = PBXFileReference; lastKnownFileType = sourcecode.swift; path = AppIntents.swift; sourceTree = "<group>"; };
		A2000000000000000000F126 /* CallKitManager.swift */ = {isa = PBXFileReference; lastKnownFileType = sourcecode.swift; path = CallKitManager.swift; sourceTree = "<group>"; };
		A2000000000000000000F107 /* Assets.xcassets */ = {isa = PBXFileReference; lastKnownFileType = folder.assetcatalog; path = Assets.xcassets; sourceTree = "<group>"; };
		A2000000000000000000F108 /* Info.plist */ = {isa = PBXFileReference; lastKnownFileType = text.plist.xml; path = Info.plist; sourceTree = "<group>"; };
		A2000000000000000000F109 /* EVApp.entitlements */ = {isa = PBXFileReference; lastKnownFileType = text.plist.entitlements; path = EVApp.entitlements; sourceTree = "<group>"; };
		A2000000000000000000F110 /* ShareViewController.swift */ = {isa = PBXFileReference; lastKnownFileType = sourcecode.swift; path = ShareViewController.swift; sourceTree = "<group>"; };
		A2000000000000000000F111 /* Info.plist */ = {isa = PBXFileReference; lastKnownFileType = text.plist.xml; path = Info.plist; sourceTree = "<group>"; };
		A2000000000000000000F112 /* EVShareExtension.entitlements */ = {isa = PBXFileReference; lastKnownFileType = text.plist.entitlements; path = EVShareExtension.entitlements; sourceTree = "<group>"; };
		A2000000000000000000F113 /* EVWatchApp.swift */ = {isa = PBXFileReference; lastKnownFileType = sourcecode.swift; path = EVWatchApp.swift; sourceTree = "<group>"; };
		A2000000000000000000F114 /* ContentView.swift */ = {isa = PBXFileReference; lastKnownFileType = sourcecode.swift; path = ContentView.swift; sourceTree = "<group>"; };
		A2000000000000000000F115 /* Assets.xcassets */ = {isa = PBXFileReference; lastKnownFileType = folder.assetcatalog; path = Assets.xcassets; sourceTree = "<group>"; };
		A2000000000000000000F116 /* Info.plist */ = {isa = PBXFileReference; lastKnownFileType = text.plist.xml; path = Info.plist; sourceTree = "<group>"; };
		A2000000000000000000F117 /* ComplicationController.swift */ = {isa = PBXFileReference; lastKnownFileType = sourcecode.swift; path = ComplicationController.swift; sourceTree = "<group>"; };
		A2000000000000000000F118 /* Info.plist */ = {isa = PBXFileReference; lastKnownFileType = text.plist.xml; path = Info.plist; sourceTree = "<group>"; };
		A2000000000000000000F119 /* EVWatchExtension.entitlements */ = {isa = PBXFileReference; lastKnownFileType = text.plist.entitlements; path = EVWatchExtension.entitlements; sourceTree = "<group>"; };
		A4000000000000000000F120 /* EVApp.app */ = {isa = PBXFileReference; explicitFileType = wrapper.application; includeInIndex = 0; path = EVApp.app; sourceTree = BUILT_PRODUCTS_DIR; };
		A4000000000000000000F121 /* EVShareExtension.appex */ = {isa = PBXFileReference; explicitFileType = "wrapper.app-extension"; includeInIndex = 0; path = EVShareExtension.appex; sourceTree = BUILT_PRODUCTS_DIR; };
		A4000000000000000000F122 /* EVWatchApp.app */ = {isa = PBXFileReference; explicitFileType = wrapper.application; includeInIndex = 0; path = EVWatchApp.app; sourceTree = BUILT_PRODUCTS_DIR; };
		A4000000000000000000F123 /* EVWatchExtension.appex */ = {isa = PBXFileReference; explicitFileType = "wrapper.app-extension"; includeInIndex = 0; path = EVWatchExtension.appex; sourceTree = BUILT_PRODUCTS_DIR; };
/* End PBXFileReference section */

/* Begin PBXFrameworksBuildPhase section */
		A80000000000000000001102 /* Frameworks */ = {
			isa = PBXFrameworksBuildPhase;
			buildActionMask = 2147483647;
			files = (
				A1000000000000000000AB07 /* EVClient in Frameworks */,
				A1000000000000000000AB08 /* EVUI in Frameworks */,
			);
			runOnlyForDeploymentPostprocessing = 0;
		};
		A80000000000000000001107 /* Frameworks */ = {
			isa = PBXFrameworksBuildPhase;
			buildActionMask = 2147483647;
			files = (
				A1000000000000000000AB10 /* EVClient in Frameworks */,
			);
			runOnlyForDeploymentPostprocessing = 0;
		};
		A80000000000000000001110 /* Frameworks */ = {
			isa = PBXFrameworksBuildPhase;
			buildActionMask = 2147483647;
			files = (
				A1000000000000000000AB13 /* EVClient in Frameworks */,
				A1000000000000000000AB14 /* EVUI in Frameworks */,
			);
			runOnlyForDeploymentPostprocessing = 0;
		};
		A80000000000000000001114 /* Frameworks */ = {
			isa = PBXFrameworksBuildPhase;
			buildActionMask = 2147483647;
			files = (
				A1000000000000000000AB16 /* EVClient in Frameworks */,
			);
			runOnlyForDeploymentPostprocessing = 0;
		};
/* End PBXFrameworksBuildPhase section */

/* Begin PBXGroup section */
		A30000000000000000000A01 = {
			isa = PBXGroup;
			children = (
				A30000000000000000000A02 /* EVApp */,
				A30000000000000000000A03 /* EVShareExtension */,
				A30000000000000000000A04 /* EVWatchApp */,
				A30000000000000000000A05 /* EVWatchExtension */,
				A30000000000000000000A06 /* Products */,
			);
			sourceTree = "<group>";
		};
		A30000000000000000000A02 /* EVApp */ = {
			isa = PBXGroup;
			children = (
				A2000000000000000000F101 /* EVApp.swift */,
				A2000000000000000000F102 /* AppDelegate.swift */,
				A2000000000000000000F103 /* AppConfig.swift */,
				A2000000000000000000F104 /* HealthKitManager.swift */,
				A2000000000000000000F105 /* NotificationManager.swift */,
				A2000000000000000000F106 /* AppState.swift */,
				A2000000000000000000F124 /* LifeAccess.swift */,
				A2000000000000000000F125 /* AppIntents.swift */,
				A2000000000000000000F126 /* CallKitManager.swift */,
				A2000000000000000000F107 /* Assets.xcassets */,
				A2000000000000000000F108 /* Info.plist */,
				A2000000000000000000F109 /* EVApp.entitlements */,
			);
			path = EVApp;
			sourceTree = "<group>";
		};
		A30000000000000000000A03 /* EVShareExtension */ = {
			isa = PBXGroup;
			children = (
				A2000000000000000000F110 /* ShareViewController.swift */,
				A2000000000000000000F111 /* Info.plist */,
				A2000000000000000000F112 /* EVShareExtension.entitlements */,
			);
			path = EVShareExtension;
			sourceTree = "<group>";
		};
		A30000000000000000000A04 /* EVWatchApp */ = {
			isa = PBXGroup;
			children = (
				A2000000000000000000F113 /* EVWatchApp.swift */,
				A2000000000000000000F114 /* ContentView.swift */,
				A2000000000000000000F115 /* Assets.xcassets */,
				A2000000000000000000F116 /* Info.plist */,
			);
			path = EVWatchApp;
			sourceTree = "<group>";
		};
		A30000000000000000000A05 /* EVWatchExtension */ = {
			isa = PBXGroup;
			children = (
				A2000000000000000000F117 /* ComplicationController.swift */,
				A2000000000000000000F118 /* Info.plist */,
				A2000000000000000000F119 /* EVWatchExtension.entitlements */,
			);
			path = EVWatchExtension;
			sourceTree = "<group>";
		};
		A30000000000000000000A06 /* Products */ = {
			isa = PBXGroup;
			children = (
				A4000000000000000000F120 /* EVApp.app */,
				A4000000000000000000F121 /* EVShareExtension.appex */,
				A4000000000000000000F122 /* EVWatchApp.app */,
				A4000000000000000000F123 /* EVWatchExtension.appex */,
			);
			name = Products;
			sourceTree = "<group>";
		};
/* End PBXGroup section */

/* Begin PBXNativeTarget section */
		A7000000000000000000C101 /* EVApp */ = {
			isa = PBXNativeTarget;
			buildConfigurationList = A90000000000000000001202 /* Build configuration list for PBXNativeTarget "EVApp" */;
			buildPhases = (
				A80000000000000000001101 /* Sources */,
				A80000000000000000001102 /* Frameworks */,
				A80000000000000000001103 /* Resources */,
				A80000000000000000001104 /* Embed App Extensions */,
				A80000000000000000001105 /* Embed Watch Content */,
			);
			buildRules = (
			);
			dependencies = (
				A5000000000000000000C301 /* PBXTargetDependency */,
				A5000000000000000000C302 /* PBXTargetDependency */,
			);
			name = EVApp;
			packageProductDependencies = (
				A6000000000000000000C501 /* EVClient */,
				A6000000000000000000C502 /* EVUI */,
			);
			productName = EVApp;
			productReference = A4000000000000000000F120 /* EVApp.app */;
			productType = "com.apple.product-type.application";
		};
		A7000000000000000000C102 /* EVShareExtension */ = {
			isa = PBXNativeTarget;
			buildConfigurationList = A90000000000000000001203 /* Build configuration list for PBXNativeTarget "EVShareExtension" */;
			buildPhases = (
				A80000000000000000001106 /* Sources */,
				A80000000000000000001107 /* Frameworks */,
				A80000000000000000001108 /* Resources */,
			);
			buildRules = (
			);
			dependencies = (
			);
			name = EVShareExtension;
			packageProductDependencies = (
				A6000000000000000000C501 /* EVClient */,
			);
			productName = EVShareExtension;
			productReference = A4000000000000000000F121 /* EVShareExtension.appex */;
			productType = "com.apple.product-type.app-extension";
		};
		A7000000000000000000C103 /* EVWatchApp */ = {
			isa = PBXNativeTarget;
			buildConfigurationList = A90000000000000000001204 /* Build configuration list for PBXNativeTarget "EVWatchApp" */;
			buildPhases = (
				A80000000000000000001109 /* Sources */,
				A80000000000000000001110 /* Frameworks */,
				A80000000000000000001111 /* Resources */,
				A80000000000000000001112 /* Embed Watch Extension */,
			);
			buildRules = (
			);
			dependencies = (
				A5000000000000000000C303 /* PBXTargetDependency */,
			);
			name = EVWatchApp;
			packageProductDependencies = (
				A6000000000000000000C501 /* EVClient */,
				A6000000000000000000C502 /* EVUI */,
			);
			productName = EVWatchApp;
			productReference = A4000000000000000000F122 /* EVWatchApp.app */;
			productType = "com.apple.product-type.application.watchapp2";
		};
		A7000000000000000000C104 /* EVWatchExtension */ = {
			isa = PBXNativeTarget;
			buildConfigurationList = A90000000000000000001205 /* Build configuration list for PBXNativeTarget "EVWatchExtension" */;
			buildPhases = (
				A80000000000000000001113 /* Sources */,
				A80000000000000000001114 /* Frameworks */,
				A80000000000000000001115 /* Resources */,
			);
			buildRules = (
			);
			dependencies = (
			);
			name = EVWatchExtension;
			packageProductDependencies = (
				A6000000000000000000C501 /* EVClient */,
			);
			productName = EVWatchExtension;
			productReference = A4000000000000000000F123 /* EVWatchExtension.appex */;
			productType = "com.apple.product-type.watchkit2-extension";
		};
/* End PBXNativeTarget section */

/* Begin PBXProject section */
		A30000000000000000000B01 /* Project object */ = {
			isa = PBXProject;
			attributes = {
				BuildIndependentTargetsInParallel = 1;
				LastSwiftUpdateCheck = 1500;
				LastUpgradeCheck = 1500;
				TargetAttributes = {
					A7000000000000000000C101 = {
						CreatedOnToolsVersion = 15.0;
					};
					A7000000000000000000C102 = {
						CreatedOnToolsVersion = 15.0;
					};
					A7000000000000000000C103 = {
						CreatedOnToolsVersion = 15.0;
					};
					A7000000000000000000C104 = {
						CreatedOnToolsVersion = 15.0;
					};
				};
			};
			buildConfigurationList = A90000000000000000001201 /* Build configuration list for PBXProject "EV" */;
			compatibilityVersion = "Xcode 14.0";
			developmentRegion = en;
			hasScannedForEncodings = 0;
			knownRegions = (
				en,
				Base,
			);
			mainGroup = A30000000000000000000A01;
			packageReferences = (
				A5000000000000000000C401 /* XCLocalSwiftPackageReference "EVClient" */,
			);
			productRefGroup = A30000000000000000000A06 /* Products */;
			projectDirPath = "";
			projectRoot = "";
			targets = (
				A7000000000000000000C101 /* EVApp */,
				A7000000000000000000C102 /* EVShareExtension */,
				A7000000000000000000C103 /* EVWatchApp */,
				A7000000000000000000C104 /* EVWatchExtension */,
			);
		};
/* End PBXProject section */

/* Begin PBXResourcesBuildPhase section */
		A80000000000000000001103 /* Resources */ = {
			isa = PBXResourcesBuildPhase;
			buildActionMask = 2147483647;
			files = (
				A1000000000000000000AB17 /* Assets.xcassets in Resources */,
			);
			runOnlyForDeploymentPostprocessing = 0;
		};
		A80000000000000000001108 /* Resources */ = {
			isa = PBXResourcesBuildPhase;
			buildActionMask = 2147483647;
			files = (
			);
			runOnlyForDeploymentPostprocessing = 0;
		};
		A80000000000000000001111 /* Resources */ = {
			isa = PBXResourcesBuildPhase;
			buildActionMask = 2147483647;
			files = (
				A1000000000000000000AB18 /* Assets.xcassets in Resources */,
			);
			runOnlyForDeploymentPostprocessing = 0;
		};
		A80000000000000000001115 /* Resources */ = {
			isa = PBXResourcesBuildPhase;
			buildActionMask = 2147483647;
			files = (
			);
			runOnlyForDeploymentPostprocessing = 0;
		};
/* End PBXResourcesBuildPhase section */

/* Begin PBXSourcesBuildPhase section */
		A80000000000000000001101 /* Sources */ = {
			isa = PBXSourcesBuildPhase;
			buildActionMask = 2147483647;
			files = (
				A1000000000000000000AB01 /* EVApp.swift in Sources */,
				A1000000000000000000AB02 /* AppDelegate.swift in Sources */,
				A1000000000000000000AB03 /* AppConfig.swift in Sources */,
				A1000000000000000000AB04 /* HealthKitManager.swift in Sources */,
				A1000000000000000000AB05 /* NotificationManager.swift in Sources */,
				A1000000000000000000AB06 /* AppState.swift in Sources */,
				A1000000000000000000AB22 /* LifeAccess.swift in Sources */,
				A1000000000000000000AB23 /* AppIntents.swift in Sources */,
				A1000000000000000000AB24 /* CallKitManager.swift in Sources */,
			);
			runOnlyForDeploymentPostprocessing = 0;
		};
		A80000000000000000001106 /* Sources */ = {
			isa = PBXSourcesBuildPhase;
			buildActionMask = 2147483647;
			files = (
				A1000000000000000000AB09 /* ShareViewController.swift in Sources */,
			);
			runOnlyForDeploymentPostprocessing = 0;
		};
		A80000000000000000001109 /* Sources */ = {
			isa = PBXSourcesBuildPhase;
			buildActionMask = 2147483647;
			files = (
				A1000000000000000000AB11 /* EVWatchApp.swift in Sources */,
				A1000000000000000000AB12 /* ContentView.swift in Sources */,
			);
			runOnlyForDeploymentPostprocessing = 0;
		};
		A80000000000000000001113 /* Sources */ = {
			isa = PBXSourcesBuildPhase;
			buildActionMask = 2147483647;
			files = (
				A1000000000000000000AB15 /* ComplicationController.swift in Sources */,
			);
			runOnlyForDeploymentPostprocessing = 0;
		};
/* End PBXSourcesBuildPhase section */

/* Begin PBXTargetDependency section */
		A5000000000000000000C301 /* PBXTargetDependency */ = {
			isa = PBXTargetDependency;
			target = A7000000000000000000C102 /* EVShareExtension */;
			targetProxy = A5000000000000000000C201 /* PBXContainerItemProxy */;
		};
		A5000000000000000000C302 /* PBXTargetDependency */ = {
			isa = PBXTargetDependency;
			target = A7000000000000000000C103 /* EVWatchApp */;
			targetProxy = A5000000000000000000C202 /* PBXContainerItemProxy */;
		};
		A5000000000000000000C303 /* PBXTargetDependency */ = {
			isa = PBXTargetDependency;
			target = A7000000000000000000C104 /* EVWatchExtension */;
			targetProxy = A5000000000000000000C203 /* PBXContainerItemProxy */;
		};
/* End PBXTargetDependency section */

/* Begin XCBuildConfiguration section */
		AA0000000000000000001301 /* Debug */ = {
			isa = XCBuildConfiguration;
			buildSettings = {
				ALWAYS_SEARCH_USER_PATHS = NO;
				CLANG_ANALYZER_NONNULL = YES;
				CLANG_ENABLE_MODULES = YES;
				CLANG_ENABLE_OBJC_ARC = YES;
				COPY_PHASE_STRIP = NO;
				DEBUG_INFORMATION_FORMAT = dwarf;
				ENABLE_STRICT_OBJC_MSGSEND = YES;
				ENABLE_TESTABILITY = YES;
				GCC_C_LANGUAGE_STANDARD = gnu17;
				GCC_DYNAMIC_NO_PIC = NO;
				GCC_NO_COMMON_BLOCKS = YES;
				GCC_OPTIMIZATION_LEVEL = 0;
				GCC_PREPROCESSOR_DEFINITIONS = (
					"DEBUG=1",
					"$(inherited)",
				);
				IPHONEOS_DEPLOYMENT_TARGET = 17.0;
				MTL_ENABLE_DEBUG_INFO = INCLUDE_SOURCE;
				MTL_FAST_MATH = YES;
				ONLY_ACTIVE_ARCH = YES;
				SDKROOT = iphoneos;
				SWIFT_ACTIVE_COMPILATION_CONDITIONS = DEBUG;
				SWIFT_OPTIMIZATION_LEVEL = "-Onone";
				WATCHOS_DEPLOYMENT_TARGET = 10.0;
			};
			name = Debug;
		};
		AA0000000000000000001302 /* Release */ = {
			isa = XCBuildConfiguration;
			buildSettings = {
				ALWAYS_SEARCH_USER_PATHS = NO;
				CLANG_ANALYZER_NONNULL = YES;
				CLANG_ENABLE_MODULES = YES;
				CLANG_ENABLE_OBJC_ARC = YES;
				COPY_PHASE_STRIP = NO;
				DEBUG_INFORMATION_FORMAT = "dwarf-with-dsym";
				ENABLE_NS_ASSERTIONS = NO;
				ENABLE_STRICT_OBJC_MSGSEND = YES;
				GCC_C_LANGUAGE_STANDARD = gnu17;
				GCC_NO_COMMON_BLOCKS = YES;
				IPHONEOS_DEPLOYMENT_TARGET = 17.0;
				MTL_ENABLE_DEBUG_INFO = NO;
				MTL_FAST_MATH = YES;
				SDKROOT = iphoneos;
				SWIFT_COMPILATION_MODE = wholemodule;
				VALIDATE_PRODUCT = YES;
				WATCHOS_DEPLOYMENT_TARGET = 10.0;
			};
			name = Release;
		};
		AA0000000000000000001303 /* Debug */ = {
			isa = XCBuildConfiguration;
			buildSettings = {
				ASSETCATALOG_COMPILER_APPICON_NAME = AppIcon;
				CODE_SIGN_ENTITLEMENTS = EVApp/EVApp.entitlements;
				CODE_SIGN_STYLE = Automatic;
				CURRENT_PROJECT_VERSION = 1;
				ENABLE_PREVIEWS = YES;
				GENERATE_INFOPLIST_FILE = NO;
				INFOPLIST_FILE = EVApp/Info.plist;
				LD_RUNPATH_SEARCH_PATHS = (
					"$(inherited)",
					"@executable_path/Frameworks",
				);
				MARKETING_VERSION = 1.0;
				PRODUCT_BUNDLE_IDENTIFIER = com.ev.ios;
				PRODUCT_NAME = "$(TARGET_NAME)";
				SWIFT_EMIT_LOC_STRINGS = YES;
				SWIFT_VERSION = 5.0;
				TARGETED_DEVICE_FAMILY = "1,2";
			};
			name = Debug;
		};
		AA0000000000000000001304 /* Release */ = {
			isa = XCBuildConfiguration;
			buildSettings = {
				ASSETCATALOG_COMPILER_APPICON_NAME = AppIcon;
				CODE_SIGN_ENTITLEMENTS = EVApp/EVApp.entitlements;
				CODE_SIGN_STYLE = Automatic;
				CURRENT_PROJECT_VERSION = 1;
				ENABLE_PREVIEWS = YES;
				GENERATE_INFOPLIST_FILE = NO;
				INFOPLIST_FILE = EVApp/Info.plist;
				LD_RUNPATH_SEARCH_PATHS = (
					"$(inherited)",
					"@executable_path/Frameworks",
				);
				MARKETING_VERSION = 1.0;
				PRODUCT_BUNDLE_IDENTIFIER = com.ev.ios;
				PRODUCT_NAME = "$(TARGET_NAME)";
				SWIFT_EMIT_LOC_STRINGS = YES;
				SWIFT_VERSION = 5.0;
				TARGETED_DEVICE_FAMILY = "1,2";
			};
			name = Release;
		};
		AA0000000000000000001305 /* Debug */ = {
			isa = XCBuildConfiguration;
			buildSettings = {
				CODE_SIGN_ENTITLEMENTS = EVShareExtension/EVShareExtension.entitlements;
				CODE_SIGN_STYLE = Automatic;
				CURRENT_PROJECT_VERSION = 1;
				GENERATE_INFOPLIST_FILE = NO;
				INFOPLIST_FILE = EVShareExtension/Info.plist;
				LD_RUNPATH_SEARCH_PATHS = (
					"$(inherited)",
					"@executable_path/Frameworks",
					"@executable_path/../../Frameworks",
				);
				MARKETING_VERSION = 1.0;
				PRODUCT_BUNDLE_IDENTIFIER = com.ev.ios.share;
				PRODUCT_NAME = "$(TARGET_NAME)";
				SKIP_INSTALL = YES;
				SWIFT_VERSION = 5.0;
				TARGETED_DEVICE_FAMILY = "1,2";
			};
			name = Debug;
		};
		AA0000000000000000001306 /* Release */ = {
			isa = XCBuildConfiguration;
			buildSettings = {
				CODE_SIGN_ENTITLEMENTS = EVShareExtension/EVShareExtension.entitlements;
				CODE_SIGN_STYLE = Automatic;
				CURRENT_PROJECT_VERSION = 1;
				GENERATE_INFOPLIST_FILE = NO;
				INFOPLIST_FILE = EVShareExtension/Info.plist;
				LD_RUNPATH_SEARCH_PATHS = (
					"$(inherited)",
					"@executable_path/Frameworks",
					"@executable_path/../../Frameworks",
				);
				MARKETING_VERSION = 1.0;
				PRODUCT_BUNDLE_IDENTIFIER = com.ev.ios.share;
				PRODUCT_NAME = "$(TARGET_NAME)";
				SKIP_INSTALL = YES;
				SWIFT_VERSION = 5.0;
				TARGETED_DEVICE_FAMILY = "1,2";
			};
			name = Release;
		};
		AA0000000000000000001307 /* Debug */ = {
			isa = XCBuildConfiguration;
			buildSettings = {
				ASSETCATALOG_COMPILER_APPICON_NAME = AppIcon;
				CODE_SIGN_STYLE = Automatic;
				CURRENT_PROJECT_VERSION = 1;
				GENERATE_INFOPLIST_FILE = NO;
				INFOPLIST_FILE = EVWatchApp/Info.plist;
				MARKETING_VERSION = 1.0;
				PRODUCT_BUNDLE_IDENTIFIER = com.ev.ios.watchapp;
				PRODUCT_NAME = "$(TARGET_NAME)";
				SKIP_INSTALL = YES;
				SWIFT_VERSION = 5.0;
				TARGETED_DEVICE_FAMILY = 4;
				WATCHOS_DEPLOYMENT_TARGET = 10.0;
			};
			name = Debug;
		};
		AA0000000000000000001308 /* Release */ = {
			isa = XCBuildConfiguration;
			buildSettings = {
				ASSETCATALOG_COMPILER_APPICON_NAME = AppIcon;
				CODE_SIGN_STYLE = Automatic;
				CURRENT_PROJECT_VERSION = 1;
				GENERATE_INFOPLIST_FILE = NO;
				INFOPLIST_FILE = EVWatchApp/Info.plist;
				MARKETING_VERSION = 1.0;
				PRODUCT_BUNDLE_IDENTIFIER = com.ev.ios.watchapp;
				PRODUCT_NAME = "$(TARGET_NAME)";
				SKIP_INSTALL = YES;
				SWIFT_VERSION = 5.0;
				TARGETED_DEVICE_FAMILY = 4;
				WATCHOS_DEPLOYMENT_TARGET = 10.0;
			};
			name = Release;
		};
		AA0000000000000000001309 /* Debug */ = {
			isa = XCBuildConfiguration;
			buildSettings = {
				CODE_SIGN_ENTITLEMENTS = EVWatchExtension/EVWatchExtension.entitlements;
				CODE_SIGN_STYLE = Automatic;
				CURRENT_PROJECT_VERSION = 1;
				GENERATE_INFOPLIST_FILE = NO;
				INFOPLIST_FILE = EVWatchExtension/Info.plist;
				MARKETING_VERSION = 1.0;
				PRODUCT_BUNDLE_IDENTIFIER = com.ev.ios.watchapp.extension;
				PRODUCT_NAME = "$(TARGET_NAME)";
				SKIP_INSTALL = YES;
				SWIFT_VERSION = 5.0;
				TARGETED_DEVICE_FAMILY = 4;
				WATCHOS_DEPLOYMENT_TARGET = 10.0;
			};
			name = Debug;
		};
		AA0000000000000000001310 /* Release */ = {
			isa = XCBuildConfiguration;
			buildSettings = {
				CODE_SIGN_ENTITLEMENTS = EVWatchExtension/EVWatchExtension.entitlements;
				CODE_SIGN_STYLE = Automatic;
				CURRENT_PROJECT_VERSION = 1;
				GENERATE_INFOPLIST_FILE = NO;
				INFOPLIST_FILE = EVWatchExtension/Info.plist;
				MARKETING_VERSION = 1.0;
				PRODUCT_BUNDLE_IDENTIFIER = com.ev.ios.watchapp.extension;
				PRODUCT_NAME = "$(TARGET_NAME)";
				SKIP_INSTALL = YES;
				SWIFT_VERSION = 5.0;
				TARGETED_DEVICE_FAMILY = 4;
				WATCHOS_DEPLOYMENT_TARGET = 10.0;
			};
			name = Release;
		};
/* End XCBuildConfiguration section */

/* Begin XCConfigurationList section */
		A90000000000000000001201 /* Build configuration list for PBXProject "EV" */ = {
			isa = XCConfigurationList;
			buildConfigurations = (
				AA0000000000000000001301 /* Debug */,
				AA0000000000000000001302 /* Release */,
			);
			defaultConfigurationIsVisible = 0;
			defaultConfigurationName = Release;
		};
		A90000000000000000001202 /* Build configuration list for PBXNativeTarget "EVApp" */ = {
			isa = XCConfigurationList;
			buildConfigurations = (
				AA0000000000000000001303 /* Debug */,
				AA0000000000000000001304 /* Release */,
			);
			defaultConfigurationIsVisible = 0;
			defaultConfigurationName = Release;
		};
		A90000000000000000001203 /* Build configuration list for PBXNativeTarget "EVShareExtension" */ = {
			isa = XCConfigurationList;
			buildConfigurations = (
				AA0000000000000000001305 /* Debug */,
				AA0000000000000000001306 /* Release */,
			);
			defaultConfigurationIsVisible = 0;
			defaultConfigurationName = Release;
		};
		A90000000000000000001204 /* Build configuration list for PBXNativeTarget "EVWatchApp" */ = {
			isa = XCConfigurationList;
			buildConfigurations = (
				AA0000000000000000001307 /* Debug */,
				AA0000000000000000001308 /* Release */,
			);
			defaultConfigurationIsVisible = 0;
			defaultConfigurationName = Release;
		};
		A90000000000000000001205 /* Build configuration list for PBXNativeTarget "EVWatchExtension" */ = {
			isa = XCConfigurationList;
			buildConfigurations = (
				AA0000000000000000001309 /* Debug */,
				AA0000000000000000001310 /* Release */,
			);
			defaultConfigurationIsVisible = 0;
			defaultConfigurationName = Release;
		};
/* End XCConfigurationList section */

/* Begin XCLocalSwiftPackageReference section */
		A5000000000000000000C401 /* XCLocalSwiftPackageReference "EVClient" */ = {
			isa = XCLocalSwiftPackageReference;
			relativePath = EVClient;
		};
/* End XCLocalSwiftPackageReference section */

/* Begin XCSwiftPackageProductDependency section */
		A6000000000000000000C501 /* EVClient */ = {
			isa = XCSwiftPackageProductDependency;
			package = A5000000000000000000C401 /* XCLocalSwiftPackageReference "EVClient" */;
			productName = EVClient;
		};
		A6000000000000000000C502 /* EVUI */ = {
			isa = XCSwiftPackageProductDependency;
			package = A5000000000000000000C401 /* XCLocalSwiftPackageReference "EVClient" */;
			productName = EVUI;
		};
/* End XCSwiftPackageProductDependency section */
	};
	rootObject = A30000000000000000000B01 /* Project object */;
}
